PODS:
  - MJRefresh (3.1.17)
  - SDWebImage (5.12.1):
    - SDWebImage/Core (= 5.12.1)
  - SDWebImage/Core (5.12.1)
  - ZBWCategories (0.1.7):
    - SDWebImage
    - "ZBWCategories/NSFoundation+ZBWCategory (= 0.1.7)"
    - "ZBWCategories/UIKit+ZBWCategory (= 0.1.7)"
    - ZBWJson
  - "ZBWCategories/NSFoundation+ZBWCategory (0.1.7)":
    - SDWebImage
    - "ZBWCategories/NSFoundation+ZBWCategory/NSObject+ZBWCategory (= 0.1.7)"
    - ZBWJson
  - "ZBWCategories/NSFoundation+ZBWCategory/NSObject+ZBWCategory (0.1.7)":
    - SDWebImage
    - ZBWJson
  - "ZBWCategories/UIKit+ZBWCategory (0.1.7)":
    - SDWebImage
    - ZBWJson
  - ZBWJson (0.0.7)
  - ZBWUISignal (0.0.1)

DEPENDENCIES:
  - MJRefresh (~> 3.1.12)
  - ZBWCategories (~> 0.1.7)
  - ZBWUISignal

SPEC REPOS:
  https://github.com/CocoaPods/Specs.git:
    - MJRefresh
    - SDWebImage
    - ZBWCategories
    - ZBWJson
    - ZBWUISignal

SPEC CHECKSUMS:
  MJRefresh: ee5b68f639775462faba4db0fd243baf4d42c2cf
  SDWebImage: 4dc3e42d9ec0c1028b960a33ac6b637bb432207b
  ZBWCategories: 1b6c811d37cf02a4d83d36a4cc1913f87faf74fb
  ZBWJson: ae7f2d44877ea347c48d6714bfc4704129adedd4
  ZBWUISignal: 88ca740af822efc938d1d6f00e8c0970bea0f2bc

PODFILE CHECKSUM: c6dc79dfd68a6392afce11a531998092695eac56

COCOAPODS: 1.11.2
